
Microsoft Visual Studio Solution File, Format Version 12.00
# Visual Studio Version 17
VisualStudioVersion = 17.7.34031.279
MinimumVisualStudioVersion = 10.0.40219.1
Project("{8BC9CEB8-8B4A-11D0-8D11-00A0C91BC942}") = "Bai002", "Bai002.vcxproj", "{D89FDA72-D1CB-4633-BD5E-C513A36091B9}"
EndProject
Project("{8BC9CEB8-8B4A-11D0-8D11-00A0C91BC942}") = "Bai004", "..\Bai004\Bai004.vcxproj", "{79CC14C5-6CE8-4236-8FE5-0456444466F9}"
EndProject
Project("{8BC9CEB8-8B4A-11D0-8D11-00A0C91BC942}") = "Bai006", "..\Bai006\Bai006.vcxproj", "{D153A8B6-39EC-4AC3-BCB7-3FC04EC520F8}"
EndProject
Project("{8BC9CEB8-8B4A-11D0-8D11-00A0C91BC942}") = "Bai010", "..\Bai010\Bai010.vcxproj", "{40A7DA7B-0C36-4072-9E7D-7E380AE56B67}"
EndProject
Project("{8BC9CEB8-8B4A-11D0-8D11-00A0C91BC942}") = "Bai014", "..\Bai014\Bai014.vcxproj", "{02DE2FA0-ECDC-4E1C-AA2F-848B5DE16D6F}"
EndProject
Project("{8BC9CEB8-8B4A-11D0-8D11-00A0C91BC942}") = "Bai018", "..\Bai018\Bai018.vcxproj", "{7B4629CB-454E-4C19-9158-D59165CD090E}"
EndProject
Project("{8BC9CEB8-8B4A-11D0-8D11-00A0C91BC942}") = "Bai022", "..\Bai022\Bai022.vcxproj", "{7484B80B-DB21-474C-96A7-D7D779311F96}"
EndProject
Project("{8BC9CEB8-8B4A-11D0-8D11-00A0C91BC942}") = "Bai026", "..\Bai026\Bai026.vcxproj", "{B16170B2-590E-4EE3-ABA0-3633EE1E53FD}"
EndProject
Project("{8BC9CEB8-8B4A-11D0-8D11-00A0C91BC942}") = "Bai030", "..\Bai030\Bai030.vcxproj", "{B945B421-A7B4-4CE1-A822-8569EEEE33D6}"
EndProject
Project("{8BC9CEB8-8B4A-11D0-8D11-00A0C91BC942}") = "Bai034", "..\Bai034\Bai034.vcxproj", "{92B06D08-3536-4AF8-96FE-32B363FBE73C}"
EndProject
Project("{8BC9CEB8-8B4A-11D0-8D11-00A0C91BC942}") = "Bai038", "..\Bai038\Bai038.vcxproj", "{FC9622E5-7ADB-4411-A94B-B8D5068C0407}"
EndProject
Project("{8BC9CEB8-8B4A-11D0-8D11-00A0C91BC942}") = "Bai042", "..\Bai042\Bai042.vcxproj", "{AB63AC72-BE90-4CDC-A43B-515F095B1BA0}"
EndProject
Project("{8BC9CEB8-8B4A-11D0-8D11-00A0C91BC942}") = "Bai046", "..\Bai046\Bai046.vcxproj", "{2DFDAC89-4022-42DE-8F5A-DA21EE581275}"
EndProject
Project("{8BC9CEB8-8B4A-11D0-8D11-00A0C91BC942}") = "Bai050", "..\Bai050\Bai050.vcxproj", "{5F292934-16BB-430B-8643-4AD337573F1E}"
EndProject
Project("{8BC9CEB8-8B4A-11D0-8D11-00A0C91BC942}") = "Bai054", "..\Bai054\Bai054.vcxproj", "{2968D0F1-1933-4AF1-9B89-DF0027145CBA}"
EndProject
Project("{8BC9CEB8-8B4A-11D0-8D11-00A0C91BC942}") = "Bai058", "..\Bai058\Bai058.vcxproj", "{D88D2926-CB25-4681-AA90-DC5CFC8AC5B2}"
EndProject
Project("{8BC9CEB8-8B4A-11D0-8D11-00A0C91BC942}") = "Bai066", "..\Bai066\Bai066.vcxproj", "{EBA30105-0FA7-4C5A-9649-5213F0BF3F7D}"
EndProject
Project("{8BC9CEB8-8B4A-11D0-8D11-00A0C91BC942}") = "Bai070", "..\Bai070\Bai070.vcxproj", "{DFF02137-4FD1-485F-BD2A-F8689EE5A882}"
EndProject
Project("{8BC9CEB8-8B4A-11D0-8D11-00A0C91BC942}") = "Bai074", "..\Bai074\Bai074.vcxproj", "{93122663-E7AC-4992-9EDA-C417E2B28E82}"
EndProject
Project("{8BC9CEB8-8B4A-11D0-8D11-00A0C91BC942}") = "Bai078", "..\Bai078\Bai078.vcxproj", "{6D6A257B-FB5D-4020-9B78-6A3B79158526}"
EndProject
Project("{8BC9CEB8-8B4A-11D0-8D11-00A0C91BC942}") = "Bai082", "..\Bai082\Bai082.vcxproj", "{C0598E2C-5D37-4C08-80E6-5C67A67CA341}"
EndProject
Project("{8BC9CEB8-8B4A-11D0-8D11-00A0C91BC942}") = "Bai086", "..\Bai086\Bai086.vcxproj", "{FE8B8C50-472E-4DF9-9007-720D44887CEF}"
EndProject
Project("{8BC9CEB8-8B4A-11D0-8D11-00A0C91BC942}") = "Bai090", "..\Bai090\Bai090.vcxproj", "{4B5F7F68-47AB-4769-9810-E4B9A20AFEB6}"
EndProject
Project("{8BC9CEB8-8B4A-11D0-8D11-00A0C91BC942}") = "Bai094", "..\Bai094\Bai094.vcxproj", "{5C93BC30-60CB-44DC-9D78-AEA46370DB66}"
EndProject
Project("{8BC9CEB8-8B4A-11D0-8D11-00A0C91BC942}") = "Bai098", "..\Bai098\Bai098.vcxproj", "{1EC69F78-CFE6-4B62-85AE-E6C824A6D465}"
EndProject
Project("{8BC9CEB8-8B4A-11D0-8D11-00A0C91BC942}") = "Bai102", "..\Bai102\Bai102.vcxproj", "{1A96A53E-AB31-46BF-9AC7-E4A91026B4E0}"
EndProject
Project("{8BC9CEB8-8B4A-11D0-8D11-00A0C91BC942}") = "Bai106", "..\Bai106\Bai106.vcxproj", "{75871309-554D-43D3-BD9E-D23B493EB118}"
EndProject
Project("{8BC9CEB8-8B4A-11D0-8D11-00A0C91BC942}") = "Bai110", "..\Bai110\Bai110.vcxproj", "{7C824A97-3AAB-4849-B9C5-F730A67D804D}"
EndProject
Project("{8BC9CEB8-8B4A-11D0-8D11-00A0C91BC942}") = "Bai114", "..\Bai114\Bai114.vcxproj", "{C2920B55-0B66-4E7D-89CB-24DC7E76CF0A}"
EndProject
Project("{8BC9CEB8-8B4A-11D0-8D11-00A0C91BC942}") = "Bai118", "..\Bai118\Bai118.vcxproj", "{4BD68F7D-7D70-4A4E-9D37-248FAB9DF055}"
EndProject
Project("{8BC9CEB8-8B4A-11D0-8D11-00A0C91BC942}") = "Bai122", "..\Bai122\Bai122.vcxproj", "{3FD59FFA-907F-4455-9A45-C6DB0DE8B9CB}"
EndProject
Project("{8BC9CEB8-8B4A-11D0-8D11-00A0C91BC942}") = "Bai126", "..\Bai126\Bai126.vcxproj", "{7DDFF2FB-B86C-4D8D-836D-FB5AC79FDB55}"
EndProject
Project("{8BC9CEB8-8B4A-11D0-8D11-00A0C91BC942}") = "Bai130", "..\Bai130\Bai130.vcxproj", "{87128580-AA0D-4726-86C5-093AAE326F9F}"
EndProject
Project("{8BC9CEB8-8B4A-11D0-8D11-00A0C91BC942}") = "Bai134", "..\Bai134\Bai134.vcxproj", "{1938BFE8-FF47-4BC5-B7C2-D1BB00573E9C}"
EndProject
Project("{8BC9CEB8-8B4A-11D0-8D11-00A0C91BC942}") = "Bai138", "..\Bai138\Bai138.vcxproj", "{0F61F992-1C40-4D34-A7AC-34B092D81C33}"
EndProject
Project("{8BC9CEB8-8B4A-11D0-8D11-00A0C91BC942}") = "Bai142", "..\Bai142\Bai142.vcxproj", "{5F37D066-47EB-444F-BF65-EE74B76BA998}"
EndProject
Project("{8BC9CEB8-8B4A-11D0-8D11-00A0C91BC942}") = "Bai146", "..\Bai146\Bai146.vcxproj", "{C6C32233-461C-4304-8F1A-C1FFE9513789}"
EndProject
Project("{8BC9CEB8-8B4A-11D0-8D11-00A0C91BC942}") = "Bai150", "..\Bai150\Bai150.vcxproj", "{8F2890F9-C0C8-466A-BAFF-C1F5B4D4C485}"
EndProject
Project("{8BC9CEB8-8B4A-11D0-8D11-00A0C91BC942}") = "Bai154", "..\Bai152\Bai152.vcxproj", "{726DCC1C-7739-4BCC-9A7F-69EC31041966}"
EndProject
Project("{8BC9CEB8-8B4A-11D0-8D11-00A0C91BC942}") = "Bai158", "..\Bai158\Bai158.vcxproj", "{5948934D-1973-479E-9358-04D6CDB188F0}"
EndProject
Project("{8BC9CEB8-8B4A-11D0-8D11-00A0C91BC942}") = "Bai162", "..\Bai162\Bai162.vcxproj", "{C078A7B5-C746-46FD-8C80-7CD679B224F1}"
EndProject
Project("{8BC9CEB8-8B4A-11D0-8D11-00A0C91BC942}") = "Bai166", "..\Bai166\Bai166.vcxproj", "{CEC2D75F-9315-4DF9-AD3D-674114FFD6C4}"
EndProject
Project("{8BC9CEB8-8B4A-11D0-8D11-00A0C91BC942}") = "Bai170", "..\Bai170\Bai170.vcxproj", "{1A3409F9-6254-4ADF-BE38-AC88DE48DF45}"
EndProject
Project("{8BC9CEB8-8B4A-11D0-8D11-00A0C91BC942}") = "Bai174", "..\Bai174\Bai174.vcxproj", "{FDCF4F18-8090-4E28-ACFE-89CE92C0F792}"
EndProject
Project("{8BC9CEB8-8B4A-11D0-8D11-00A0C91BC942}") = "Bai178", "..\Bai178\Bai178.vcxproj", "{19A05C06-90C9-465B-A9B8-0B1551600291}"
EndProject
Project("{8BC9CEB8-8B4A-11D0-8D11-00A0C91BC942}") = "Bai182", "..\Bai182\Bai182.vcxproj", "{C35D3373-33C4-4A6B-9D9D-AD7AF5B2F499}"
EndProject
Project("{8BC9CEB8-8B4A-11D0-8D11-00A0C91BC942}") = "Bai186", "..\Bai186\Bai186.vcxproj", "{F0C03606-F3FB-4204-933D-A1D3EE9F751C}"
EndProject
Project("{8BC9CEB8-8B4A-11D0-8D11-00A0C91BC942}") = "Bai190", "..\Bai190\Bai190.vcxproj", "{4039A0EC-8EB0-4EC7-958A-F1152F8746AF}"
EndProject
Project("{8BC9CEB8-8B4A-11D0-8D11-00A0C91BC942}") = "Bai194", "..\Bai194\Bai194.vcxproj", "{D2DFD8EE-9FD2-4203-9FB7-927D2F36024C}"
EndProject
Project("{8BC9CEB8-8B4A-11D0-8D11-00A0C91BC942}") = "Bai198", "..\Bai198\Bai198.vcxproj", "{56A5EBDD-1D75-4CBE-B053-8CE9B884AB27}"
EndProject
Project("{8BC9CEB8-8B4A-11D0-8D11-00A0C91BC942}") = "Bai202", "..\Bai202\Bai202.vcxproj", "{C3707401-0D81-4BF3-B98E-FED6DE6F943E}"
EndProject
Project("{8BC9CEB8-8B4A-11D0-8D11-00A0C91BC942}") = "Bai206", "..\Bai206\Bai206.vcxproj", "{080EC91D-A788-45F5-9C7A-385A9A23C85D}"
EndProject
Project("{8BC9CEB8-8B4A-11D0-8D11-00A0C91BC942}") = "Bai210", "..\Bai210\Bai210.vcxproj", "{C0F97822-2677-4206-B538-00C1FE7E94AD}"
EndProject
Project("{8BC9CEB8-8B4A-11D0-8D11-00A0C91BC942}") = "Bai214", "..\Bai214\Bai214.vcxproj", "{A3FD8EE3-5860-4B91-A285-87AC6CA03F16}"
EndProject
Project("{8BC9CEB8-8B4A-11D0-8D11-00A0C91BC942}") = "Bai218", "..\Bai218\Bai218.vcxproj", "{083788EB-EEC3-45F9-A02B-15396AEFC762}"
EndProject
Project("{8BC9CEB8-8B4A-11D0-8D11-00A0C91BC942}") = "Bai222", "..\Bai222\Bai222.vcxproj", "{0515A695-0B25-44FB-9CDE-69BC2FEE07CE}"
EndProject
Project("{8BC9CEB8-8B4A-11D0-8D11-00A0C91BC942}") = "Bai226", "..\Bai226\Bai226.vcxproj", "{6A18CA4C-88B5-4A5D-A97D-C091B428893A}"
EndProject
Project("{8BC9CEB8-8B4A-11D0-8D11-00A0C91BC942}") = "Bai230", "..\Bai230\Bai230.vcxproj", "{5D5A1E81-97F7-4D75-B7E9-A8432ACF42CE}"
EndProject
Project("{8BC9CEB8-8B4A-11D0-8D11-00A0C91BC942}") = "Bai234", "..\Bai234\Bai234.vcxproj", "{1B19C49B-433D-4DC1-84DA-CD00A8811480}"
EndProject
Project("{8BC9CEB8-8B4A-11D0-8D11-00A0C91BC942}") = "Bai238", "..\Bai238\Bai238.vcxproj", "{43A9EAD5-A500-4600-AEC6-BFF0AD842979}"
EndProject
Project("{8BC9CEB8-8B4A-11D0-8D11-00A0C91BC942}") = "Bai242", "..\Bai242\Bai242.vcxproj", "{56324F43-8C1F-4F3E-84DE-BB5AED367EE7}"
EndProject
Project("{8BC9CEB8-8B4A-11D0-8D11-00A0C91BC942}") = "Bai246", "..\Bai246\Bai246.vcxproj", "{F799CEEE-301F-4F8A-9131-1BA98C532893}"
EndProject
Project("{8BC9CEB8-8B4A-11D0-8D11-00A0C91BC942}") = "Bai250", "..\Bai250\Bai250.vcxproj", "{4B6FF4CB-7074-49F6-964B-4AA3BF249222}"
EndProject
Project("{8BC9CEB8-8B4A-11D0-8D11-00A0C91BC942}") = "Bai254", "..\Bai254\Bai254.vcxproj", "{6E0375AB-DE6D-4D1B-AE43-DC36464BFE0B}"
EndProject
Project("{8BC9CEB8-8B4A-11D0-8D11-00A0C91BC942}") = "Bai258", "..\Bai258\Bai258.vcxproj", "{D5A6C200-A08F-42B7-8191-4FEE71451606}"
EndProject
Project("{8BC9CEB8-8B4A-11D0-8D11-00A0C91BC942}") = "Bai262", "..\Bai262\Bai262.vcxproj", "{F2C2A87D-4C3D-422B-BC3D-9DCBF275919F}"
EndProject
Project("{8BC9CEB8-8B4A-11D0-8D11-00A0C91BC942}") = "Bai266", "..\Bai266\Bai266.vcxproj", "{C06D0235-5678-4C16-B42C-0F11F71F82EA}"
EndProject
Project("{8BC9CEB8-8B4A-11D0-8D11-00A0C91BC942}") = "Bai270", "..\Bai270\Bai270.vcxproj", "{8056BDB1-425A-4EEA-86FD-BBF42AD2E84F}"
EndProject
Project("{8BC9CEB8-8B4A-11D0-8D11-00A0C91BC942}") = "Bai274", "..\Bai274\Bai274.vcxproj", "{E62FF4CE-D3CA-4AA9-A47E-D21B475853C5}"
EndProject
Project("{8BC9CEB8-8B4A-11D0-8D11-00A0C91BC942}") = "Bai278", "..\Bai278\Bai278.vcxproj", "{B914F02D-A0BA-4592-88B5-F1B26ECC27C0}"
EndProject
Project("{8BC9CEB8-8B4A-11D0-8D11-00A0C91BC942}") = "Bai282", "..\Bai282\Bai282.vcxproj", "{84F15ED6-44EA-4733-974E-28F49A5A2AD1}"
EndProject
Project("{8BC9CEB8-8B4A-11D0-8D11-00A0C91BC942}") = "Bai286", "..\Bai286\Bai286.vcxproj", "{5F026EF0-95DA-4F96-A901-72D7E3E92BC3}"
EndProject
Project("{8BC9CEB8-8B4A-11D0-8D11-00A0C91BC942}") = "Bai290", "..\Bai290\Bai290.vcxproj", "{D756A698-5504-4748-8849-933555AF332E}"
EndProject
Global
	GlobalSection(SolutionConfigurationPlatforms) = preSolution
		Debug|x64 = Debug|x64
		Debug|x86 = Debug|x86
		Release|x64 = Release|x64
		Release|x86 = Release|x86
	EndGlobalSection
	GlobalSection(ProjectConfigurationPlatforms) = postSolution
		{D89FDA72-D1CB-4633-BD5E-C513A36091B9}.Debug|x64.ActiveCfg = Debug|x64
		{D89FDA72-D1CB-4633-BD5E-C513A36091B9}.Debug|x64.Build.0 = Debug|x64
		{D89FDA72-D1CB-4633-BD5E-C513A36091B9}.Debug|x86.ActiveCfg = Debug|Win32
		{D89FDA72-D1CB-4633-BD5E-C513A36091B9}.Debug|x86.Build.0 = Debug|Win32
		{D89FDA72-D1CB-4633-BD5E-C513A36091B9}.Release|x64.ActiveCfg = Release|x64
		{D89FDA72-D1CB-4633-BD5E-C513A36091B9}.Release|x64.Build.0 = Release|x64
		{D89FDA72-D1CB-4633-BD5E-C513A36091B9}.Release|x86.ActiveCfg = Release|Win32
		{D89FDA72-D1CB-4633-BD5E-C513A36091B9}.Release|x86.Build.0 = Release|Win32
		{79CC14C5-6CE8-4236-8FE5-0456444466F9}.Debug|x64.ActiveCfg = Debug|x64
		{79CC14C5-6CE8-4236-8FE5-0456444466F9}.Debug|x64.Build.0 = Debug|x64
		{79CC14C5-6CE8-4236-8FE5-0456444466F9}.Debug|x86.ActiveCfg = Debug|Win32
		{79CC14C5-6CE8-4236-8FE5-0456444466F9}.Debug|x86.Build.0 = Debug|Win32
		{79CC14C5-6CE8-4236-8FE5-0456444466F9}.Release|x64.ActiveCfg = Release|x64
		{79CC14C5-6CE8-4236-8FE5-0456444466F9}.Release|x64.Build.0 = Release|x64
		{79CC14C5-6CE8-4236-8FE5-0456444466F9}.Release|x86.ActiveCfg = Release|Win32
		{79CC14C5-6CE8-4236-8FE5-0456444466F9}.Release|x86.Build.0 = Release|Win32
		{D153A8B6-39EC-4AC3-BCB7-3FC04EC520F8}.Debug|x64.ActiveCfg = Debug|x64
		{D153A8B6-39EC-4AC3-BCB7-3FC04EC520F8}.Debug|x64.Build.0 = Debug|x64
		{D153A8B6-39EC-4AC3-BCB7-3FC04EC520F8}.Debug|x86.ActiveCfg = Debug|Win32
		{D153A8B6-39EC-4AC3-BCB7-3FC04EC520F8}.Debug|x86.Build.0 = Debug|Win32
		{D153A8B6-39EC-4AC3-BCB7-3FC04EC520F8}.Release|x64.ActiveCfg = Release|x64
		{D153A8B6-39EC-4AC3-BCB7-3FC04EC520F8}.Release|x64.Build.0 = Release|x64
		{D153A8B6-39EC-4AC3-BCB7-3FC04EC520F8}.Release|x86.ActiveCfg = Release|Win32
		{D153A8B6-39EC-4AC3-BCB7-3FC04EC520F8}.Release|x86.Build.0 = Release|Win32
		{40A7DA7B-0C36-4072-9E7D-7E380AE56B67}.Debug|x64.ActiveCfg = Debug|x64
		{40A7DA7B-0C36-4072-9E7D-7E380AE56B67}.Debug|x64.Build.0 = Debug|x64
		{40A7DA7B-0C36-4072-9E7D-7E380AE56B67}.Debug|x86.ActiveCfg = Debug|Win32
		{40A7DA7B-0C36-4072-9E7D-7E380AE56B67}.Debug|x86.Build.0 = Debug|Win32
		{40A7DA7B-0C36-4072-9E7D-7E380AE56B67}.Release|x64.ActiveCfg = Release|x64
		{40A7DA7B-0C36-4072-9E7D-7E380AE56B67}.Release|x64.Build.0 = Release|x64
		{40A7DA7B-0C36-4072-9E7D-7E380AE56B67}.Release|x86.ActiveCfg = Release|Win32
		{40A7DA7B-0C36-4072-9E7D-7E380AE56B67}.Release|x86.Build.0 = Release|Win32
		{02DE2FA0-ECDC-4E1C-AA2F-848B5DE16D6F}.Debug|x64.ActiveCfg = Debug|x64
		{02DE2FA0-ECDC-4E1C-AA2F-848B5DE16D6F}.Debug|x64.Build.0 = Debug|x64
		{02DE2FA0-ECDC-4E1C-AA2F-848B5DE16D6F}.Debug|x86.ActiveCfg = Debug|Win32
		{02DE2FA0-ECDC-4E1C-AA2F-848B5DE16D6F}.Debug|x86.Build.0 = Debug|Win32
		{02DE2FA0-ECDC-4E1C-AA2F-848B5DE16D6F}.Release|x64.ActiveCfg = Release|x64
		{02DE2FA0-ECDC-4E1C-AA2F-848B5DE16D6F}.Release|x64.Build.0 = Release|x64
		{02DE2FA0-ECDC-4E1C-AA2F-848B5DE16D6F}.Release|x86.ActiveCfg = Release|Win32
		{02DE2FA0-ECDC-4E1C-AA2F-848B5DE16D6F}.Release|x86.Build.0 = Release|Win32
		{7B4629CB-454E-4C19-9158-D59165CD090E}.Debug|x64.ActiveCfg = Debug|x64
		{7B4629CB-454E-4C19-9158-D59165CD090E}.Debug|x64.Build.0 = Debug|x64
		{7B4629CB-454E-4C19-9158-D59165CD090E}.Debug|x86.ActiveCfg = Debug|Win32
		{7B4629CB-454E-4C19-9158-D59165CD090E}.Debug|x86.Build.0 = Debug|Win32
		{7B4629CB-454E-4C19-9158-D59165CD090E}.Release|x64.ActiveCfg = Release|x64
		{7B4629CB-454E-4C19-9158-D59165CD090E}.Release|x64.Build.0 = Release|x64
		{7B4629CB-454E-4C19-9158-D59165CD090E}.Release|x86.ActiveCfg = Release|Win32
		{7B4629CB-454E-4C19-9158-D59165CD090E}.Release|x86.Build.0 = Release|Win32
		{7484B80B-DB21-474C-96A7-D7D779311F96}.Debug|x64.ActiveCfg = Debug|x64
		{7484B80B-DB21-474C-96A7-D7D779311F96}.Debug|x64.Build.0 = Debug|x64
		{7484B80B-DB21-474C-96A7-D7D779311F96}.Debug|x86.ActiveCfg = Debug|Win32
		{7484B80B-DB21-474C-96A7-D7D779311F96}.Debug|x86.Build.0 = Debug|Win32
		{7484B80B-DB21-474C-96A7-D7D779311F96}.Release|x64.ActiveCfg = Release|x64
		{7484B80B-DB21-474C-96A7-D7D779311F96}.Release|x64.Build.0 = Release|x64
		{7484B80B-DB21-474C-96A7-D7D779311F96}.Release|x86.ActiveCfg = Release|Win32
		{7484B80B-DB21-474C-96A7-D7D779311F96}.Release|x86.Build.0 = Release|Win32
		{B16170B2-590E-4EE3-ABA0-3633EE1E53FD}.Debug|x64.ActiveCfg = Debug|x64
		{B16170B2-590E-4EE3-ABA0-3633EE1E53FD}.Debug|x64.Build.0 = Debug|x64
		{B16170B2-590E-4EE3-ABA0-3633EE1E53FD}.Debug|x86.ActiveCfg = Debug|Win32
		{B16170B2-590E-4EE3-ABA0-3633EE1E53FD}.Debug|x86.Build.0 = Debug|Win32
		{B16170B2-590E-4EE3-ABA0-3633EE1E53FD}.Release|x64.ActiveCfg = Release|x64
		{B16170B2-590E-4EE3-ABA0-3633EE1E53FD}.Release|x64.Build.0 = Release|x64
		{B16170B2-590E-4EE3-ABA0-3633EE1E53FD}.Release|x86.ActiveCfg = Release|Win32
		{B16170B2-590E-4EE3-ABA0-3633EE1E53FD}.Release|x86.Build.0 = Release|Win32
		{B945B421-A7B4-4CE1-A822-8569EEEE33D6}.Debug|x64.ActiveCfg = Debug|x64
		{B945B421-A7B4-4CE1-A822-8569EEEE33D6}.Debug|x64.Build.0 = Debug|x64
		{B945B421-A7B4-4CE1-A822-8569EEEE33D6}.Debug|x86.ActiveCfg = Debug|Win32
		{B945B421-A7B4-4CE1-A822-8569EEEE33D6}.Debug|x86.Build.0 = Debug|Win32
		{B945B421-A7B4-4CE1-A822-8569EEEE33D6}.Release|x64.ActiveCfg = Release|x64
		{B945B421-A7B4-4CE1-A822-8569EEEE33D6}.Release|x64.Build.0 = Release|x64
		{B945B421-A7B4-4CE1-A822-8569EEEE33D6}.Release|x86.ActiveCfg = Release|Win32
		{B945B421-A7B4-4CE1-A822-8569EEEE33D6}.Release|x86.Build.0 = Release|Win32
		{92B06D08-3536-4AF8-96FE-32B363FBE73C}.Debug|x64.ActiveCfg = Debug|x64
		{92B06D08-3536-4AF8-96FE-32B363FBE73C}.Debug|x64.Build.0 = Debug|x64
		{92B06D08-3536-4AF8-96FE-32B363FBE73C}.Debug|x86.ActiveCfg = Debug|Win32
		{92B06D08-3536-4AF8-96FE-32B363FBE73C}.Debug|x86.Build.0 = Debug|Win32
		{92B06D08-3536-4AF8-96FE-32B363FBE73C}.Release|x64.ActiveCfg = Release|x64
		{92B06D08-3536-4AF8-96FE-32B363FBE73C}.Release|x64.Build.0 = Release|x64
		{92B06D08-3536-4AF8-96FE-32B363FBE73C}.Release|x86.ActiveCfg = Release|Win32
		{92B06D08-3536-4AF8-96FE-32B363FBE73C}.Release|x86.Build.0 = Release|Win32
		{FC9622E5-7ADB-4411-A94B-B8D5068C0407}.Debug|x64.ActiveCfg = Debug|x64
		{FC9622E5-7ADB-4411-A94B-B8D5068C0407}.Debug|x64.Build.0 = Debug|x64
		{FC9622E5-7ADB-4411-A94B-B8D5068C0407}.Debug|x86.ActiveCfg = Debug|Win32
		{FC9622E5-7ADB-4411-A94B-B8D5068C0407}.Debug|x86.Build.0 = Debug|Win32
		{FC9622E5-7ADB-4411-A94B-B8D5068C0407}.Release|x64.ActiveCfg = Release|x64
		{FC9622E5-7ADB-4411-A94B-B8D5068C0407}.Release|x64.Build.0 = Release|x64
		{FC9622E5-7ADB-4411-A94B-B8D5068C0407}.Release|x86.ActiveCfg = Release|Win32
		{FC9622E5-7ADB-4411-A94B-B8D5068C0407}.Release|x86.Build.0 = Release|Win32
		{AB63AC72-BE90-4CDC-A43B-515F095B1BA0}.Debug|x64.ActiveCfg = Debug|x64
		{AB63AC72-BE90-4CDC-A43B-515F095B1BA0}.Debug|x64.Build.0 = Debug|x64
		{AB63AC72-BE90-4CDC-A43B-515F095B1BA0}.Debug|x86.ActiveCfg = Debug|Win32
		{AB63AC72-BE90-4CDC-A43B-515F095B1BA0}.Debug|x86.Build.0 = Debug|Win32
		{AB63AC72-BE90-4CDC-A43B-515F095B1BA0}.Release|x64.ActiveCfg = Release|x64
		{AB63AC72-BE90-4CDC-A43B-515F095B1BA0}.Release|x64.Build.0 = Release|x64
		{AB63AC72-BE90-4CDC-A43B-515F095B1BA0}.Release|x86.ActiveCfg = Release|Win32
		{AB63AC72-BE90-4CDC-A43B-515F095B1BA0}.Release|x86.Build.0 = Release|Win32
		{2DFDAC89-4022-42DE-8F5A-DA21EE581275}.Debug|x64.ActiveCfg = Debug|x64
		{2DFDAC89-4022-42DE-8F5A-DA21EE581275}.Debug|x64.Build.0 = Debug|x64
		{2DFDAC89-4022-42DE-8F5A-DA21EE581275}.Debug|x86.ActiveCfg = Debug|Win32
		{2DFDAC89-4022-42DE-8F5A-DA21EE581275}.Debug|x86.Build.0 = Debug|Win32
		{2DFDAC89-4022-42DE-8F5A-DA21EE581275}.Release|x64.ActiveCfg = Release|x64
		{2DFDAC89-4022-42DE-8F5A-DA21EE581275}.Release|x64.Build.0 = Release|x64
		{2DFDAC89-4022-42DE-8F5A-DA21EE581275}.Release|x86.ActiveCfg = Release|Win32
		{2DFDAC89-4022-42DE-8F5A-DA21EE581275}.Release|x86.Build.0 = Release|Win32
		{5F292934-16BB-430B-8643-4AD337573F1E}.Debug|x64.ActiveCfg = Debug|x64
		{5F292934-16BB-430B-8643-4AD337573F1E}.Debug|x64.Build.0 = Debug|x64
		{5F292934-16BB-430B-8643-4AD337573F1E}.Debug|x86.ActiveCfg = Debug|Win32
		{5F292934-16BB-430B-8643-4AD337573F1E}.Debug|x86.Build.0 = Debug|Win32
		{5F292934-16BB-430B-8643-4AD337573F1E}.Release|x64.ActiveCfg = Release|x64
		{5F292934-16BB-430B-8643-4AD337573F1E}.Release|x64.Build.0 = Release|x64
		{5F292934-16BB-430B-8643-4AD337573F1E}.Release|x86.ActiveCfg = Release|Win32
		{5F292934-16BB-430B-8643-4AD337573F1E}.Release|x86.Build.0 = Release|Win32
		{2968D0F1-1933-4AF1-9B89-DF0027145CBA}.Debug|x64.ActiveCfg = Debug|x64
		{2968D0F1-1933-4AF1-9B89-DF0027145CBA}.Debug|x64.Build.0 = Debug|x64
		{2968D0F1-1933-4AF1-9B89-DF0027145CBA}.Debug|x86.ActiveCfg = Debug|Win32
		{2968D0F1-1933-4AF1-9B89-DF0027145CBA}.Debug|x86.Build.0 = Debug|Win32
		{2968D0F1-1933-4AF1-9B89-DF0027145CBA}.Release|x64.ActiveCfg = Release|x64
		{2968D0F1-1933-4AF1-9B89-DF0027145CBA}.Release|x64.Build.0 = Release|x64
		{2968D0F1-1933-4AF1-9B89-DF0027145CBA}.Release|x86.ActiveCfg = Release|Win32
		{2968D0F1-1933-4AF1-9B89-DF0027145CBA}.Release|x86.Build.0 = Release|Win32
		{D88D2926-CB25-4681-AA90-DC5CFC8AC5B2}.Debug|x64.ActiveCfg = Debug|x64
		{D88D2926-CB25-4681-AA90-DC5CFC8AC5B2}.Debug|x64.Build.0 = Debug|x64
		{D88D2926-CB25-4681-AA90-DC5CFC8AC5B2}.Debug|x86.ActiveCfg = Debug|Win32
		{D88D2926-CB25-4681-AA90-DC5CFC8AC5B2}.Debug|x86.Build.0 = Debug|Win32
		{D88D2926-CB25-4681-AA90-DC5CFC8AC5B2}.Release|x64.ActiveCfg = Release|x64
		{D88D2926-CB25-4681-AA90-DC5CFC8AC5B2}.Release|x64.Build.0 = Release|x64
		{D88D2926-CB25-4681-AA90-DC5CFC8AC5B2}.Release|x86.ActiveCfg = Release|Win32
		{D88D2926-CB25-4681-AA90-DC5CFC8AC5B2}.Release|x86.Build.0 = Release|Win32
		{EBA30105-0FA7-4C5A-9649-5213F0BF3F7D}.Debug|x64.ActiveCfg = Debug|x64
		{EBA30105-0FA7-4C5A-9649-5213F0BF3F7D}.Debug|x64.Build.0 = Debug|x64
		{EBA30105-0FA7-4C5A-9649-5213F0BF3F7D}.Debug|x86.ActiveCfg = Debug|Win32
		{EBA30105-0FA7-4C5A-9649-5213F0BF3F7D}.Debug|x86.Build.0 = Debug|Win32
		{EBA30105-0FA7-4C5A-9649-5213F0BF3F7D}.Release|x64.ActiveCfg = Release|x64
		{EBA30105-0FA7-4C5A-9649-5213F0BF3F7D}.Release|x64.Build.0 = Release|x64
		{EBA30105-0FA7-4C5A-9649-5213F0BF3F7D}.Release|x86.ActiveCfg = Release|Win32
		{EBA30105-0FA7-4C5A-9649-5213F0BF3F7D}.Release|x86.Build.0 = Release|Win32
		{DFF02137-4FD1-485F-BD2A-F8689EE5A882}.Debug|x64.ActiveCfg = Debug|x64
		{DFF02137-4FD1-485F-BD2A-F8689EE5A882}.Debug|x64.Build.0 = Debug|x64
		{DFF02137-4FD1-485F-BD2A-F8689EE5A882}.Debug|x86.ActiveCfg = Debug|Win32
		{DFF02137-4FD1-485F-BD2A-F8689EE5A882}.Debug|x86.Build.0 = Debug|Win32
		{DFF02137-4FD1-485F-BD2A-F8689EE5A882}.Release|x64.ActiveCfg = Release|x64
		{DFF02137-4FD1-485F-BD2A-F8689EE5A882}.Release|x64.Build.0 = Release|x64
		{DFF02137-4FD1-485F-BD2A-F8689EE5A882}.Release|x86.ActiveCfg = Release|Win32
		{DFF02137-4FD1-485F-BD2A-F8689EE5A882}.Release|x86.Build.0 = Release|Win32
		{93122663-E7AC-4992-9EDA-C417E2B28E82}.Debug|x64.ActiveCfg = Debug|x64
		{93122663-E7AC-4992-9EDA-C417E2B28E82}.Debug|x64.Build.0 = Debug|x64
		{93122663-E7AC-4992-9EDA-C417E2B28E82}.Debug|x86.ActiveCfg = Debug|Win32
		{93122663-E7AC-4992-9EDA-C417E2B28E82}.Debug|x86.Build.0 = Debug|Win32
		{93122663-E7AC-4992-9EDA-C417E2B28E82}.Release|x64.ActiveCfg = Release|x64
		{93122663-E7AC-4992-9EDA-C417E2B28E82}.Release|x64.Build.0 = Release|x64
		{93122663-E7AC-4992-9EDA-C417E2B28E82}.Release|x86.ActiveCfg = Release|Win32
		{93122663-E7AC-4992-9EDA-C417E2B28E82}.Release|x86.Build.0 = Release|Win32
		{6D6A257B-FB5D-4020-9B78-6A3B79158526}.Debug|x64.ActiveCfg = Debug|x64
		{6D6A257B-FB5D-4020-9B78-6A3B79158526}.Debug|x64.Build.0 = Debug|x64
		{6D6A257B-FB5D-4020-9B78-6A3B79158526}.Debug|x86.ActiveCfg = Debug|Win32
		{6D6A257B-FB5D-4020-9B78-6A3B79158526}.Debug|x86.Build.0 = Debug|Win32
		{6D6A257B-FB5D-4020-9B78-6A3B79158526}.Release|x64.ActiveCfg = Release|x64
		{6D6A257B-FB5D-4020-9B78-6A3B79158526}.Release|x64.Build.0 = Release|x64
		{6D6A257B-FB5D-4020-9B78-6A3B79158526}.Release|x86.ActiveCfg = Release|Win32
		{6D6A257B-FB5D-4020-9B78-6A3B79158526}.Release|x86.Build.0 = Release|Win32
		{C0598E2C-5D37-4C08-80E6-5C67A67CA341}.Debug|x64.ActiveCfg = Debug|x64
		{C0598E2C-5D37-4C08-80E6-5C67A67CA341}.Debug|x64.Build.0 = Debug|x64
		{C0598E2C-5D37-4C08-80E6-5C67A67CA341}.Debug|x86.ActiveCfg = Debug|Win32
		{C0598E2C-5D37-4C08-80E6-5C67A67CA341}.Debug|x86.Build.0 = Debug|Win32
		{C0598E2C-5D37-4C08-80E6-5C67A67CA341}.Release|x64.ActiveCfg = Release|x64
		{C0598E2C-5D37-4C08-80E6-5C67A67CA341}.Release|x64.Build.0 = Release|x64
		{C0598E2C-5D37-4C08-80E6-5C67A67CA341}.Release|x86.ActiveCfg = Release|Win32
		{C0598E2C-5D37-4C08-80E6-5C67A67CA341}.Release|x86.Build.0 = Release|Win32
		{FE8B8C50-472E-4DF9-9007-720D44887CEF}.Debug|x64.ActiveCfg = Debug|x64
		{FE8B8C50-472E-4DF9-9007-720D44887CEF}.Debug|x64.Build.0 = Debug|x64
		{FE8B8C50-472E-4DF9-9007-720D44887CEF}.Debug|x86.ActiveCfg = Debug|Win32
		{FE8B8C50-472E-4DF9-9007-720D44887CEF}.Debug|x86.Build.0 = Debug|Win32
		{FE8B8C50-472E-4DF9-9007-720D44887CEF}.Release|x64.ActiveCfg = Release|x64
		{FE8B8C50-472E-4DF9-9007-720D44887CEF}.Release|x64.Build.0 = Release|x64
		{FE8B8C50-472E-4DF9-9007-720D44887CEF}.Release|x86.ActiveCfg = Release|Win32
		{FE8B8C50-472E-4DF9-9007-720D44887CEF}.Release|x86.Build.0 = Release|Win32
		{4B5F7F68-47AB-4769-9810-E4B9A20AFEB6}.Debug|x64.ActiveCfg = Debug|x64
		{4B5F7F68-47AB-4769-9810-E4B9A20AFEB6}.Debug|x64.Build.0 = Debug|x64
		{4B5F7F68-47AB-4769-9810-E4B9A20AFEB6}.Debug|x86.ActiveCfg = Debug|Win32
		{4B5F7F68-47AB-4769-9810-E4B9A20AFEB6}.Debug|x86.Build.0 = Debug|Win32
		{4B5F7F68-47AB-4769-9810-E4B9A20AFEB6}.Release|x64.ActiveCfg = Release|x64
		{4B5F7F68-47AB-4769-9810-E4B9A20AFEB6}.Release|x64.Build.0 = Release|x64
		{4B5F7F68-47AB-4769-9810-E4B9A20AFEB6}.Release|x86.ActiveCfg = Release|Win32
		{4B5F7F68-47AB-4769-9810-E4B9A20AFEB6}.Release|x86.Build.0 = Release|Win32
		{5C93BC30-60CB-44DC-9D78-AEA46370DB66}.Debug|x64.ActiveCfg = Debug|x64
		{5C93BC30-60CB-44DC-9D78-AEA46370DB66}.Debug|x64.Build.0 = Debug|x64
		{5C93BC30-60CB-44DC-9D78-AEA46370DB66}.Debug|x86.ActiveCfg = Debug|Win32
		{5C93BC30-60CB-44DC-9D78-AEA46370DB66}.Debug|x86.Build.0 = Debug|Win32
		{5C93BC30-60CB-44DC-9D78-AEA46370DB66}.Release|x64.ActiveCfg = Release|x64
		{5C93BC30-60CB-44DC-9D78-AEA46370DB66}.Release|x64.Build.0 = Release|x64
		{5C93BC30-60CB-44DC-9D78-AEA46370DB66}.Release|x86.ActiveCfg = Release|Win32
		{5C93BC30-60CB-44DC-9D78-AEA46370DB66}.Release|x86.Build.0 = Release|Win32
		{1EC69F78-CFE6-4B62-85AE-E6C824A6D465}.Debug|x64.ActiveCfg = Debug|x64
		{1EC69F78-CFE6-4B62-85AE-E6C824A6D465}.Debug|x64.Build.0 = Debug|x64
		{1EC69F78-CFE6-4B62-85AE-E6C824A6D465}.Debug|x86.ActiveCfg = Debug|Win32
		{1EC69F78-CFE6-4B62-85AE-E6C824A6D465}.Debug|x86.Build.0 = Debug|Win32
		{1EC69F78-CFE6-4B62-85AE-E6C824A6D465}.Release|x64.ActiveCfg = Release|x64
		{1EC69F78-CFE6-4B62-85AE-E6C824A6D465}.Release|x64.Build.0 = Release|x64
		{1EC69F78-CFE6-4B62-85AE-E6C824A6D465}.Release|x86.ActiveCfg = Release|Win32
		{1EC69F78-CFE6-4B62-85AE-E6C824A6D465}.Release|x86.Build.0 = Release|Win32
		{1A96A53E-AB31-46BF-9AC7-E4A91026B4E0}.Debug|x64.ActiveCfg = Debug|x64
		{1A96A53E-AB31-46BF-9AC7-E4A91026B4E0}.Debug|x64.Build.0 = Debug|x64
		{1A96A53E-AB31-46BF-9AC7-E4A91026B4E0}.Debug|x86.ActiveCfg = Debug|Win32
		{1A96A53E-AB31-46BF-9AC7-E4A91026B4E0}.Debug|x86.Build.0 = Debug|Win32
		{1A96A53E-AB31-46BF-9AC7-E4A91026B4E0}.Release|x64.ActiveCfg = Release|x64
		{1A96A53E-AB31-46BF-9AC7-E4A91026B4E0}.Release|x64.Build.0 = Release|x64
		{1A96A53E-AB31-46BF-9AC7-E4A91026B4E0}.Release|x86.ActiveCfg = Release|Win32
		{1A96A53E-AB31-46BF-9AC7-E4A91026B4E0}.Release|x86.Build.0 = Release|Win32
		{75871309-554D-43D3-BD9E-D23B493EB118}.Debug|x64.ActiveCfg = Debug|x64
		{75871309-554D-43D3-BD9E-D23B493EB118}.Debug|x64.Build.0 = Debug|x64
		{75871309-554D-43D3-BD9E-D23B493EB118}.Debug|x86.ActiveCfg = Debug|Win32
		{75871309-554D-43D3-BD9E-D23B493EB118}.Debug|x86.Build.0 = Debug|Win32
		{75871309-554D-43D3-BD9E-D23B493EB118}.Release|x64.ActiveCfg = Release|x64
		{75871309-554D-43D3-BD9E-D23B493EB118}.Release|x64.Build.0 = Release|x64
		{75871309-554D-43D3-BD9E-D23B493EB118}.Release|x86.ActiveCfg = Release|Win32
		{75871309-554D-43D3-BD9E-D23B493EB118}.Release|x86.Build.0 = Release|Win32
		{7C824A97-3AAB-4849-B9C5-F730A67D804D}.Debug|x64.ActiveCfg = Debug|x64
		{7C824A97-3AAB-4849-B9C5-F730A67D804D}.Debug|x64.Build.0 = Debug|x64
		{7C824A97-3AAB-4849-B9C5-F730A67D804D}.Debug|x86.ActiveCfg = Debug|Win32
		{7C824A97-3AAB-4849-B9C5-F730A67D804D}.Debug|x86.Build.0 = Debug|Win32
		{7C824A97-3AAB-4849-B9C5-F730A67D804D}.Release|x64.ActiveCfg = Release|x64
		{7C824A97-3AAB-4849-B9C5-F730A67D804D}.Release|x64.Build.0 = Release|x64
		{7C824A97-3AAB-4849-B9C5-F730A67D804D}.Release|x86.ActiveCfg = Release|Win32
		{7C824A97-3AAB-4849-B9C5-F730A67D804D}.Release|x86.Build.0 = Release|Win32
		{C2920B55-0B66-4E7D-89CB-24DC7E76CF0A}.Debug|x64.ActiveCfg = Debug|x64
		{C2920B55-0B66-4E7D-89CB-24DC7E76CF0A}.Debug|x64.Build.0 = Debug|x64
		{C2920B55-0B66-4E7D-89CB-24DC7E76CF0A}.Debug|x86.ActiveCfg = Debug|Win32
		{C2920B55-0B66-4E7D-89CB-24DC7E76CF0A}.Debug|x86.Build.0 = Debug|Win32
		{C2920B55-0B66-4E7D-89CB-24DC7E76CF0A}.Release|x64.ActiveCfg = Release|x64
		{C2920B55-0B66-4E7D-89CB-24DC7E76CF0A}.Release|x64.Build.0 = Release|x64
		{C2920B55-0B66-4E7D-89CB-24DC7E76CF0A}.Release|x86.ActiveCfg = Release|Win32
		{C2920B55-0B66-4E7D-89CB-24DC7E76CF0A}.Release|x86.Build.0 = Release|Win32
		{4BD68F7D-7D70-4A4E-9D37-248FAB9DF055}.Debug|x64.ActiveCfg = Debug|x64
		{4BD68F7D-7D70-4A4E-9D37-248FAB9DF055}.Debug|x64.Build.0 = Debug|x64
		{4BD68F7D-7D70-4A4E-9D37-248FAB9DF055}.Debug|x86.ActiveCfg = Debug|Win32
		{4BD68F7D-7D70-4A4E-9D37-248FAB9DF055}.Debug|x86.Build.0 = Debug|Win32
		{4BD68F7D-7D70-4A4E-9D37-248FAB9DF055}.Release|x64.ActiveCfg = Release|x64
		{4BD68F7D-7D70-4A4E-9D37-248FAB9DF055}.Release|x64.Build.0 = Release|x64
		{4BD68F7D-7D70-4A4E-9D37-248FAB9DF055}.Release|x86.ActiveCfg = Release|Win32
		{4BD68F7D-7D70-4A4E-9D37-248FAB9DF055}.Release|x86.Build.0 = Release|Win32
		{3FD59FFA-907F-4455-9A45-C6DB0DE8B9CB}.Debug|x64.ActiveCfg = Debug|x64
		{3FD59FFA-907F-4455-9A45-C6DB0DE8B9CB}.Debug|x64.Build.0 = Debug|x64
		{3FD59FFA-907F-4455-9A45-C6DB0DE8B9CB}.Debug|x86.ActiveCfg = Debug|Win32
		{3FD59FFA-907F-4455-9A45-C6DB0DE8B9CB}.Debug|x86.Build.0 = Debug|Win32
		{3FD59FFA-907F-4455-9A45-C6DB0DE8B9CB}.Release|x64.ActiveCfg = Release|x64
		{3FD59FFA-907F-4455-9A45-C6DB0DE8B9CB}.Release|x64.Build.0 = Release|x64
		{3FD59FFA-907F-4455-9A45-C6DB0DE8B9CB}.Release|x86.ActiveCfg = Release|Win32
		{3FD59FFA-907F-4455-9A45-C6DB0DE8B9CB}.Release|x86.Build.0 = Release|Win32
		{7DDFF2FB-B86C-4D8D-836D-FB5AC79FDB55}.Debug|x64.ActiveCfg = Debug|x64
		{7DDFF2FB-B86C-4D8D-836D-FB5AC79FDB55}.Debug|x64.Build.0 = Debug|x64
		{7DDFF2FB-B86C-4D8D-836D-FB5AC79FDB55}.Debug|x86.ActiveCfg = Debug|Win32
		{7DDFF2FB-B86C-4D8D-836D-FB5AC79FDB55}.Debug|x86.Build.0 = Debug|Win32
		{7DDFF2FB-B86C-4D8D-836D-FB5AC79FDB55}.Release|x64.ActiveCfg = Release|x64
		{7DDFF2FB-B86C-4D8D-836D-FB5AC79FDB55}.Release|x64.Build.0 = Release|x64
		{7DDFF2FB-B86C-4D8D-836D-FB5AC79FDB55}.Release|x86.ActiveCfg = Release|Win32
		{7DDFF2FB-B86C-4D8D-836D-FB5AC79FDB55}.Release|x86.Build.0 = Release|Win32
		{87128580-AA0D-4726-86C5-093AAE326F9F}.Debug|x64.ActiveCfg = Debug|x64
		{87128580-AA0D-4726-86C5-093AAE326F9F}.Debug|x64.Build.0 = Debug|x64
		{87128580-AA0D-4726-86C5-093AAE326F9F}.Debug|x86.ActiveCfg = Debug|Win32
		{87128580-AA0D-4726-86C5-093AAE326F9F}.Debug|x86.Build.0 = Debug|Win32
		{87128580-AA0D-4726-86C5-093AAE326F9F}.Release|x64.ActiveCfg = Release|x64
		{87128580-AA0D-4726-86C5-093AAE326F9F}.Release|x64.Build.0 = Release|x64
		{87128580-AA0D-4726-86C5-093AAE326F9F}.Release|x86.ActiveCfg = Release|Win32
		{87128580-AA0D-4726-86C5-093AAE326F9F}.Release|x86.Build.0 = Release|Win32
		{1938BFE8-FF47-4BC5-B7C2-D1BB00573E9C}.Debug|x64.ActiveCfg = Debug|x64
		{1938BFE8-FF47-4BC5-B7C2-D1BB00573E9C}.Debug|x64.Build.0 = Debug|x64
		{1938BFE8-FF47-4BC5-B7C2-D1BB00573E9C}.Debug|x86.ActiveCfg = Debug|Win32
		{1938BFE8-FF47-4BC5-B7C2-D1BB00573E9C}.Debug|x86.Build.0 = Debug|Win32
		{1938BFE8-FF47-4BC5-B7C2-D1BB00573E9C}.Release|x64.ActiveCfg = Release|x64
		{1938BFE8-FF47-4BC5-B7C2-D1BB00573E9C}.Release|x64.Build.0 = Release|x64
		{1938BFE8-FF47-4BC5-B7C2-D1BB00573E9C}.Release|x86.ActiveCfg = Release|Win32
		{1938BFE8-FF47-4BC5-B7C2-D1BB00573E9C}.Release|x86.Build.0 = Release|Win32
		{0F61F992-1C40-4D34-A7AC-34B092D81C33}.Debug|x64.ActiveCfg = Debug|x64
		{0F61F992-1C40-4D34-A7AC-34B092D81C33}.Debug|x64.Build.0 = Debug|x64
		{0F61F992-1C40-4D34-A7AC-34B092D81C33}.Debug|x86.ActiveCfg = Debug|Win32
		{0F61F992-1C40-4D34-A7AC-34B092D81C33}.Debug|x86.Build.0 = Debug|Win32
		{0F61F992-1C40-4D34-A7AC-34B092D81C33}.Release|x64.ActiveCfg = Release|x64
		{0F61F992-1C40-4D34-A7AC-34B092D81C33}.Release|x64.Build.0 = Release|x64
		{0F61F992-1C40-4D34-A7AC-34B092D81C33}.Release|x86.ActiveCfg = Release|Win32
		{0F61F992-1C40-4D34-A7AC-34B092D81C33}.Release|x86.Build.0 = Release|Win32
		{5F37D066-47EB-444F-BF65-EE74B76BA998}.Debug|x64.ActiveCfg = Debug|x64
		{5F37D066-47EB-444F-BF65-EE74B76BA998}.Debug|x64.Build.0 = Debug|x64
		{5F37D066-47EB-444F-BF65-EE74B76BA998}.Debug|x86.ActiveCfg = Debug|Win32
		{5F37D066-47EB-444F-BF65-EE74B76BA998}.Debug|x86.Build.0 = Debug|Win32
		{5F37D066-47EB-444F-BF65-EE74B76BA998}.Release|x64.ActiveCfg = Release|x64
		{5F37D066-47EB-444F-BF65-EE74B76BA998}.Release|x64.Build.0 = Release|x64
		{5F37D066-47EB-444F-BF65-EE74B76BA998}.Release|x86.ActiveCfg = Release|Win32
		{5F37D066-47EB-444F-BF65-EE74B76BA998}.Release|x86.Build.0 = Release|Win32
		{C6C32233-461C-4304-8F1A-C1FFE9513789}.Debug|x64.ActiveCfg = Debug|x64
		{C6C32233-461C-4304-8F1A-C1FFE9513789}.Debug|x64.Build.0 = Debug|x64
		{C6C32233-461C-4304-8F1A-C1FFE9513789}.Debug|x86.ActiveCfg = Debug|Win32
		{C6C32233-461C-4304-8F1A-C1FFE9513789}.Debug|x86.Build.0 = Debug|Win32
		{C6C32233-461C-4304-8F1A-C1FFE9513789}.Release|x64.ActiveCfg = Release|x64
		{C6C32233-461C-4304-8F1A-C1FFE9513789}.Release|x64.Build.0 = Release|x64
		{C6C32233-461C-4304-8F1A-C1FFE9513789}.Release|x86.ActiveCfg = Release|Win32
		{C6C32233-461C-4304-8F1A-C1FFE9513789}.Release|x86.Build.0 = Release|Win32
		{8F2890F9-C0C8-466A-BAFF-C1F5B4D4C485}.Debug|x64.ActiveCfg = Debug|x64
		{8F2890F9-C0C8-466A-BAFF-C1F5B4D4C485}.Debug|x64.Build.0 = Debug|x64
		{8F2890F9-C0C8-466A-BAFF-C1F5B4D4C485}.Debug|x86.ActiveCfg = Debug|Win32
		{8F2890F9-C0C8-466A-BAFF-C1F5B4D4C485}.Debug|x86.Build.0 = Debug|Win32
		{8F2890F9-C0C8-466A-BAFF-C1F5B4D4C485}.Release|x64.ActiveCfg = Release|x64
		{8F2890F9-C0C8-466A-BAFF-C1F5B4D4C485}.Release|x64.Build.0 = Release|x64
		{8F2890F9-C0C8-466A-BAFF-C1F5B4D4C485}.Release|x86.ActiveCfg = Release|Win32
		{8F2890F9-C0C8-466A-BAFF-C1F5B4D4C485}.Release|x86.Build.0 = Release|Win32
		{726DCC1C-7739-4BCC-9A7F-69EC31041966}.Debug|x64.ActiveCfg = Debug|x64
		{726DCC1C-7739-4BCC-9A7F-69EC31041966}.Debug|x64.Build.0 = Debug|x64
		{726DCC1C-7739-4BCC-9A7F-69EC31041966}.Debug|x86.ActiveCfg = Debug|Win32
		{726DCC1C-7739-4BCC-9A7F-69EC31041966}.Debug|x86.Build.0 = Debug|Win32
		{726DCC1C-7739-4BCC-9A7F-69EC31041966}.Release|x64.ActiveCfg = Release|x64
		{726DCC1C-7739-4BCC-9A7F-69EC31041966}.Release|x64.Build.0 = Release|x64
		{726DCC1C-7739-4BCC-9A7F-69EC31041966}.Release|x86.ActiveCfg = Release|Win32
		{726DCC1C-7739-4BCC-9A7F-69EC31041966}.Release|x86.Build.0 = Release|Win32
		{5948934D-1973-479E-9358-04D6CDB188F0}.Debug|x64.ActiveCfg = Debug|x64
		{5948934D-1973-479E-9358-04D6CDB188F0}.Debug|x64.Build.0 = Debug|x64
		{5948934D-1973-479E-9358-04D6CDB188F0}.Debug|x86.ActiveCfg = Debug|Win32
		{5948934D-1973-479E-9358-04D6CDB188F0}.Debug|x86.Build.0 = Debug|Win32
		{5948934D-1973-479E-9358-04D6CDB188F0}.Release|x64.ActiveCfg = Release|x64
		{5948934D-1973-479E-9358-04D6CDB188F0}.Release|x64.Build.0 = Release|x64
		{5948934D-1973-479E-9358-04D6CDB188F0}.Release|x86.ActiveCfg = Release|Win32
		{5948934D-1973-479E-9358-04D6CDB188F0}.Release|x86.Build.0 = Release|Win32
		{C078A7B5-C746-46FD-8C80-7CD679B224F1}.Debug|x64.ActiveCfg = Debug|x64
		{C078A7B5-C746-46FD-8C80-7CD679B224F1}.Debug|x64.Build.0 = Debug|x64
		{C078A7B5-C746-46FD-8C80-7CD679B224F1}.Debug|x86.ActiveCfg = Debug|Win32
		{C078A7B5-C746-46FD-8C80-7CD679B224F1}.Debug|x86.Build.0 = Debug|Win32
		{C078A7B5-C746-46FD-8C80-7CD679B224F1}.Release|x64.ActiveCfg = Release|x64
		{C078A7B5-C746-46FD-8C80-7CD679B224F1}.Release|x64.Build.0 = Release|x64
		{C078A7B5-C746-46FD-8C80-7CD679B224F1}.Release|x86.ActiveCfg = Release|Win32
		{C078A7B5-C746-46FD-8C80-7CD679B224F1}.Release|x86.Build.0 = Release|Win32
		{CEC2D75F-9315-4DF9-AD3D-674114FFD6C4}.Debug|x64.ActiveCfg = Debug|x64
		{CEC2D75F-9315-4DF9-AD3D-674114FFD6C4}.Debug|x64.Build.0 = Debug|x64
		{CEC2D75F-9315-4DF9-AD3D-674114FFD6C4}.Debug|x86.ActiveCfg = Debug|Win32
		{CEC2D75F-9315-4DF9-AD3D-674114FFD6C4}.Debug|x86.Build.0 = Debug|Win32
		{CEC2D75F-9315-4DF9-AD3D-674114FFD6C4}.Release|x64.ActiveCfg = Release|x64
		{CEC2D75F-9315-4DF9-AD3D-674114FFD6C4}.Release|x64.Build.0 = Release|x64
		{CEC2D75F-9315-4DF9-AD3D-674114FFD6C4}.Release|x86.ActiveCfg = Release|Win32
		{CEC2D75F-9315-4DF9-AD3D-674114FFD6C4}.Release|x86.Build.0 = Release|Win32
		{1A3409F9-6254-4ADF-BE38-AC88DE48DF45}.Debug|x64.ActiveCfg = Debug|x64
		{1A3409F9-6254-4ADF-BE38-AC88DE48DF45}.Debug|x64.Build.0 = Debug|x64
		{1A3409F9-6254-4ADF-BE38-AC88DE48DF45}.Debug|x86.ActiveCfg = Debug|Win32
		{1A3409F9-6254-4ADF-BE38-AC88DE48DF45}.Debug|x86.Build.0 = Debug|Win32
		{1A3409F9-6254-4ADF-BE38-AC88DE48DF45}.Release|x64.ActiveCfg = Release|x64
		{1A3409F9-6254-4ADF-BE38-AC88DE48DF45}.Release|x64.Build.0 = Release|x64
		{1A3409F9-6254-4ADF-BE38-AC88DE48DF45}.Release|x86.ActiveCfg = Release|Win32
		{1A3409F9-6254-4ADF-BE38-AC88DE48DF45}.Release|x86.Build.0 = Release|Win32
		{FDCF4F18-8090-4E28-ACFE-89CE92C0F792}.Debug|x64.ActiveCfg = Debug|x64
		{FDCF4F18-8090-4E28-ACFE-89CE92C0F792}.Debug|x64.Build.0 = Debug|x64
		{FDCF4F18-8090-4E28-ACFE-89CE92C0F792}.Debug|x86.ActiveCfg = Debug|Win32
		{FDCF4F18-8090-4E28-ACFE-89CE92C0F792}.Debug|x86.Build.0 = Debug|Win32
		{FDCF4F18-8090-4E28-ACFE-89CE92C0F792}.Release|x64.ActiveCfg = Release|x64
		{FDCF4F18-8090-4E28-ACFE-89CE92C0F792}.Release|x64.Build.0 = Release|x64
		{FDCF4F18-8090-4E28-ACFE-89CE92C0F792}.Release|x86.ActiveCfg = Release|Win32
		{FDCF4F18-8090-4E28-ACFE-89CE92C0F792}.Release|x86.Build.0 = Release|Win32
		{19A05C06-90C9-465B-A9B8-0B1551600291}.Debug|x64.ActiveCfg = Debug|x64
		{19A05C06-90C9-465B-A9B8-0B1551600291}.Debug|x64.Build.0 = Debug|x64
		{19A05C06-90C9-465B-A9B8-0B1551600291}.Debug|x86.ActiveCfg = Debug|Win32
		{19A05C06-90C9-465B-A9B8-0B1551600291}.Debug|x86.Build.0 = Debug|Win32
		{19A05C06-90C9-465B-A9B8-0B1551600291}.Release|x64.ActiveCfg = Release|x64
		{19A05C06-90C9-465B-A9B8-0B1551600291}.Release|x64.Build.0 = Release|x64
		{19A05C06-90C9-465B-A9B8-0B1551600291}.Release|x86.ActiveCfg = Release|Win32
		{19A05C06-90C9-465B-A9B8-0B1551600291}.Release|x86.Build.0 = Release|Win32
		{C35D3373-33C4-4A6B-9D9D-AD7AF5B2F499}.Debug|x64.ActiveCfg = Debug|x64
		{C35D3373-33C4-4A6B-9D9D-AD7AF5B2F499}.Debug|x64.Build.0 = Debug|x64
		{C35D3373-33C4-4A6B-9D9D-AD7AF5B2F499}.Debug|x86.ActiveCfg = Debug|Win32
		{C35D3373-33C4-4A6B-9D9D-AD7AF5B2F499}.Debug|x86.Build.0 = Debug|Win32
		{C35D3373-33C4-4A6B-9D9D-AD7AF5B2F499}.Release|x64.ActiveCfg = Release|x64
		{C35D3373-33C4-4A6B-9D9D-AD7AF5B2F499}.Release|x64.Build.0 = Release|x64
		{C35D3373-33C4-4A6B-9D9D-AD7AF5B2F499}.Release|x86.ActiveCfg = Release|Win32
		{C35D3373-33C4-4A6B-9D9D-AD7AF5B2F499}.Release|x86.Build.0 = Release|Win32
		{F0C03606-F3FB-4204-933D-A1D3EE9F751C}.Debug|x64.ActiveCfg = Debug|x64
		{F0C03606-F3FB-4204-933D-A1D3EE9F751C}.Debug|x64.Build.0 = Debug|x64
		{F0C03606-F3FB-4204-933D-A1D3EE9F751C}.Debug|x86.ActiveCfg = Debug|Win32
		{F0C03606-F3FB-4204-933D-A1D3EE9F751C}.Debug|x86.Build.0 = Debug|Win32
		{F0C03606-F3FB-4204-933D-A1D3EE9F751C}.Release|x64.ActiveCfg = Release|x64
		{F0C03606-F3FB-4204-933D-A1D3EE9F751C}.Release|x64.Build.0 = Release|x64
		{F0C03606-F3FB-4204-933D-A1D3EE9F751C}.Release|x86.ActiveCfg = Release|Win32
		{F0C03606-F3FB-4204-933D-A1D3EE9F751C}.Release|x86.Build.0 = Release|Win32
		{4039A0EC-8EB0-4EC7-958A-F1152F8746AF}.Debug|x64.ActiveCfg = Debug|x64
		{4039A0EC-8EB0-4EC7-958A-F1152F8746AF}.Debug|x64.Build.0 = Debug|x64
		{4039A0EC-8EB0-4EC7-958A-F1152F8746AF}.Debug|x86.ActiveCfg = Debug|Win32
		{4039A0EC-8EB0-4EC7-958A-F1152F8746AF}.Debug|x86.Build.0 = Debug|Win32
		{4039A0EC-8EB0-4EC7-958A-F1152F8746AF}.Release|x64.ActiveCfg = Release|x64
		{4039A0EC-8EB0-4EC7-958A-F1152F8746AF}.Release|x64.Build.0 = Release|x64
		{4039A0EC-8EB0-4EC7-958A-F1152F8746AF}.Release|x86.ActiveCfg = Release|Win32
		{4039A0EC-8EB0-4EC7-958A-F1152F8746AF}.Release|x86.Build.0 = Release|Win32
		{D2DFD8EE-9FD2-4203-9FB7-927D2F36024C}.Debug|x64.ActiveCfg = Debug|x64
		{D2DFD8EE-9FD2-4203-9FB7-927D2F36024C}.Debug|x64.Build.0 = Debug|x64
		{D2DFD8EE-9FD2-4203-9FB7-927D2F36024C}.Debug|x86.ActiveCfg = Debug|Win32
		{D2DFD8EE-9FD2-4203-9FB7-927D2F36024C}.Debug|x86.Build.0 = Debug|Win32
		{D2DFD8EE-9FD2-4203-9FB7-927D2F36024C}.Release|x64.ActiveCfg = Release|x64
		{D2DFD8EE-9FD2-4203-9FB7-927D2F36024C}.Release|x64.Build.0 = Release|x64
		{D2DFD8EE-9FD2-4203-9FB7-927D2F36024C}.Release|x86.ActiveCfg = Release|Win32
		{D2DFD8EE-9FD2-4203-9FB7-927D2F36024C}.Release|x86.Build.0 = Release|Win32
		{56A5EBDD-1D75-4CBE-B053-8CE9B884AB27}.Debug|x64.ActiveCfg = Debug|x64
		{56A5EBDD-1D75-4CBE-B053-8CE9B884AB27}.Debug|x64.Build.0 = Debug|x64
		{56A5EBDD-1D75-4CBE-B053-8CE9B884AB27}.Debug|x86.ActiveCfg = Debug|Win32
		{56A5EBDD-1D75-4CBE-B053-8CE9B884AB27}.Debug|x86.Build.0 = Debug|Win32
		{56A5EBDD-1D75-4CBE-B053-8CE9B884AB27}.Release|x64.ActiveCfg = Release|x64
		{56A5EBDD-1D75-4CBE-B053-8CE9B884AB27}.Release|x64.Build.0 = Release|x64
		{56A5EBDD-1D75-4CBE-B053-8CE9B884AB27}.Release|x86.ActiveCfg = Release|Win32
		{56A5EBDD-1D75-4CBE-B053-8CE9B884AB27}.Release|x86.Build.0 = Release|Win32
		{C3707401-0D81-4BF3-B98E-FED6DE6F943E}.Debug|x64.ActiveCfg = Debug|x64
		{C3707401-0D81-4BF3-B98E-FED6DE6F943E}.Debug|x64.Build.0 = Debug|x64
		{C3707401-0D81-4BF3-B98E-FED6DE6F943E}.Debug|x86.ActiveCfg = Debug|Win32
		{C3707401-0D81-4BF3-B98E-FED6DE6F943E}.Debug|x86.Build.0 = Debug|Win32
		{C3707401-0D81-4BF3-B98E-FED6DE6F943E}.Release|x64.ActiveCfg = Release|x64
		{C3707401-0D81-4BF3-B98E-FED6DE6F943E}.Release|x64.Build.0 = Release|x64
		{C3707401-0D81-4BF3-B98E-FED6DE6F943E}.Release|x86.ActiveCfg = Release|Win32
		{C3707401-0D81-4BF3-B98E-FED6DE6F943E}.Release|x86.Build.0 = Release|Win32
		{080EC91D-A788-45F5-9C7A-385A9A23C85D}.Debug|x64.ActiveCfg = Debug|x64
		{080EC91D-A788-45F5-9C7A-385A9A23C85D}.Debug|x64.Build.0 = Debug|x64
		{080EC91D-A788-45F5-9C7A-385A9A23C85D}.Debug|x86.ActiveCfg = Debug|Win32
		{080EC91D-A788-45F5-9C7A-385A9A23C85D}.Debug|x86.Build.0 = Debug|Win32
		{080EC91D-A788-45F5-9C7A-385A9A23C85D}.Release|x64.ActiveCfg = Release|x64
		{080EC91D-A788-45F5-9C7A-385A9A23C85D}.Release|x64.Build.0 = Release|x64
		{080EC91D-A788-45F5-9C7A-385A9A23C85D}.Release|x86.ActiveCfg = Release|Win32
		{080EC91D-A788-45F5-9C7A-385A9A23C85D}.Release|x86.Build.0 = Release|Win32
		{C0F97822-2677-4206-B538-00C1FE7E94AD}.Debug|x64.ActiveCfg = Debug|x64
		{C0F97822-2677-4206-B538-00C1FE7E94AD}.Debug|x64.Build.0 = Debug|x64
		{C0F97822-2677-4206-B538-00C1FE7E94AD}.Debug|x86.ActiveCfg = Debug|Win32
		{C0F97822-2677-4206-B538-00C1FE7E94AD}.Debug|x86.Build.0 = Debug|Win32
		{C0F97822-2677-4206-B538-00C1FE7E94AD}.Release|x64.ActiveCfg = Release|x64
		{C0F97822-2677-4206-B538-00C1FE7E94AD}.Release|x64.Build.0 = Release|x64
		{C0F97822-2677-4206-B538-00C1FE7E94AD}.Release|x86.ActiveCfg = Release|Win32
		{C0F97822-2677-4206-B538-00C1FE7E94AD}.Release|x86.Build.0 = Release|Win32
		{A3FD8EE3-5860-4B91-A285-87AC6CA03F16}.Debug|x64.ActiveCfg = Debug|x64
		{A3FD8EE3-5860-4B91-A285-87AC6CA03F16}.Debug|x64.Build.0 = Debug|x64
		{A3FD8EE3-5860-4B91-A285-87AC6CA03F16}.Debug|x86.ActiveCfg = Debug|Win32
		{A3FD8EE3-5860-4B91-A285-87AC6CA03F16}.Debug|x86.Build.0 = Debug|Win32
		{A3FD8EE3-5860-4B91-A285-87AC6CA03F16}.Release|x64.ActiveCfg = Release|x64
		{A3FD8EE3-5860-4B91-A285-87AC6CA03F16}.Release|x64.Build.0 = Release|x64
		{A3FD8EE3-5860-4B91-A285-87AC6CA03F16}.Release|x86.ActiveCfg = Release|Win32
		{A3FD8EE3-5860-4B91-A285-87AC6CA03F16}.Release|x86.Build.0 = Release|Win32
		{083788EB-EEC3-45F9-A02B-15396AEFC762}.Debug|x64.ActiveCfg = Debug|x64
		{083788EB-EEC3-45F9-A02B-15396AEFC762}.Debug|x64.Build.0 = Debug|x64
		{083788EB-EEC3-45F9-A02B-15396AEFC762}.Debug|x86.ActiveCfg = Debug|Win32
		{083788EB-EEC3-45F9-A02B-15396AEFC762}.Debug|x86.Build.0 = Debug|Win32
		{083788EB-EEC3-45F9-A02B-15396AEFC762}.Release|x64.ActiveCfg = Release|x64
		{083788EB-EEC3-45F9-A02B-15396AEFC762}.Release|x64.Build.0 = Release|x64
		{083788EB-EEC3-45F9-A02B-15396AEFC762}.Release|x86.ActiveCfg = Release|Win32
		{083788EB-EEC3-45F9-A02B-15396AEFC762}.Release|x86.Build.0 = Release|Win32
		{0515A695-0B25-44FB-9CDE-69BC2FEE07CE}.Debug|x64.ActiveCfg = Debug|x64
		{0515A695-0B25-44FB-9CDE-69BC2FEE07CE}.Debug|x64.Build.0 = Debug|x64
		{0515A695-0B25-44FB-9CDE-69BC2FEE07CE}.Debug|x86.ActiveCfg = Debug|Win32
		{0515A695-0B25-44FB-9CDE-69BC2FEE07CE}.Debug|x86.Build.0 = Debug|Win32
		{0515A695-0B25-44FB-9CDE-69BC2FEE07CE}.Release|x64.ActiveCfg = Release|x64
		{0515A695-0B25-44FB-9CDE-69BC2FEE07CE}.Release|x64.Build.0 = Release|x64
		{0515A695-0B25-44FB-9CDE-69BC2FEE07CE}.Release|x86.ActiveCfg = Release|Win32
		{0515A695-0B25-44FB-9CDE-69BC2FEE07CE}.Release|x86.Build.0 = Release|Win32
		{6A18CA4C-88B5-4A5D-A97D-C091B428893A}.Debug|x64.ActiveCfg = Debug|x64
		{6A18CA4C-88B5-4A5D-A97D-C091B428893A}.Debug|x64.Build.0 = Debug|x64
		{6A18CA4C-88B5-4A5D-A97D-C091B428893A}.Debug|x86.ActiveCfg = Debug|Win32
		{6A18CA4C-88B5-4A5D-A97D-C091B428893A}.Debug|x86.Build.0 = Debug|Win32
		{6A18CA4C-88B5-4A5D-A97D-C091B428893A}.Release|x64.ActiveCfg = Release|x64
		{6A18CA4C-88B5-4A5D-A97D-C091B428893A}.Release|x64.Build.0 = Release|x64
		{6A18CA4C-88B5-4A5D-A97D-C091B428893A}.Release|x86.ActiveCfg = Release|Win32
		{6A18CA4C-88B5-4A5D-A97D-C091B428893A}.Release|x86.Build.0 = Release|Win32
		{5D5A1E81-97F7-4D75-B7E9-A8432ACF42CE}.Debug|x64.ActiveCfg = Debug|x64
		{5D5A1E81-97F7-4D75-B7E9-A8432ACF42CE}.Debug|x64.Build.0 = Debug|x64
		{5D5A1E81-97F7-4D75-B7E9-A8432ACF42CE}.Debug|x86.ActiveCfg = Debug|Win32
		{5D5A1E81-97F7-4D75-B7E9-A8432ACF42CE}.Debug|x86.Build.0 = Debug|Win32
		{5D5A1E81-97F7-4D75-B7E9-A8432ACF42CE}.Release|x64.ActiveCfg = Release|x64
		{5D5A1E81-97F7-4D75-B7E9-A8432ACF42CE}.Release|x64.Build.0 = Release|x64
		{5D5A1E81-97F7-4D75-B7E9-A8432ACF42CE}.Release|x86.ActiveCfg = Release|Win32
		{5D5A1E81-97F7-4D75-B7E9-A8432ACF42CE}.Release|x86.Build.0 = Release|Win32
		{1B19C49B-433D-4DC1-84DA-CD00A8811480}.Debug|x64.ActiveCfg = Debug|x64
		{1B19C49B-433D-4DC1-84DA-CD00A8811480}.Debug|x64.Build.0 = Debug|x64
		{1B19C49B-433D-4DC1-84DA-CD00A8811480}.Debug|x86.ActiveCfg = Debug|Win32
		{1B19C49B-433D-4DC1-84DA-CD00A8811480}.Debug|x86.Build.0 = Debug|Win32
		{1B19C49B-433D-4DC1-84DA-CD00A8811480}.Release|x64.ActiveCfg = Release|x64
		{1B19C49B-433D-4DC1-84DA-CD00A8811480}.Release|x64.Build.0 = Release|x64
		{1B19C49B-433D-4DC1-84DA-CD00A8811480}.Release|x86.ActiveCfg = Release|Win32
		{1B19C49B-433D-4DC1-84DA-CD00A8811480}.Release|x86.Build.0 = Release|Win32
		{43A9EAD5-A500-4600-AEC6-BFF0AD842979}.Debug|x64.ActiveCfg = Debug|x64
		{43A9EAD5-A500-4600-AEC6-BFF0AD842979}.Debug|x64.Build.0 = Debug|x64
		{43A9EAD5-A500-4600-AEC6-BFF0AD842979}.Debug|x86.ActiveCfg = Debug|Win32
		{43A9EAD5-A500-4600-AEC6-BFF0AD842979}.Debug|x86.Build.0 = Debug|Win32
		{43A9EAD5-A500-4600-AEC6-BFF0AD842979}.Release|x64.ActiveCfg = Release|x64
		{43A9EAD5-A500-4600-AEC6-BFF0AD842979}.Release|x64.Build.0 = Release|x64
		{43A9EAD5-A500-4600-AEC6-BFF0AD842979}.Release|x86.ActiveCfg = Release|Win32
		{43A9EAD5-A500-4600-AEC6-BFF0AD842979}.Release|x86.Build.0 = Release|Win32
		{56324F43-8C1F-4F3E-84DE-BB5AED367EE7}.Debug|x64.ActiveCfg = Debug|x64
		{56324F43-8C1F-4F3E-84DE-BB5AED367EE7}.Debug|x64.Build.0 = Debug|x64
		{56324F43-8C1F-4F3E-84DE-BB5AED367EE7}.Debug|x86.ActiveCfg = Debug|Win32
		{56324F43-8C1F-4F3E-84DE-BB5AED367EE7}.Debug|x86.Build.0 = Debug|Win32
		{56324F43-8C1F-4F3E-84DE-BB5AED367EE7}.Release|x64.ActiveCfg = Release|x64
		{56324F43-8C1F-4F3E-84DE-BB5AED367EE7}.Release|x64.Build.0 = Release|x64
		{56324F43-8C1F-4F3E-84DE-BB5AED367EE7}.Release|x86.ActiveCfg = Release|Win32
		{56324F43-8C1F-4F3E-84DE-BB5AED367EE7}.Release|x86.Build.0 = Release|Win32
		{F799CEEE-301F-4F8A-9131-1BA98C532893}.Debug|x64.ActiveCfg = Debug|x64
		{F799CEEE-301F-4F8A-9131-1BA98C532893}.Debug|x64.Build.0 = Debug|x64
		{F799CEEE-301F-4F8A-9131-1BA98C532893}.Debug|x86.ActiveCfg = Debug|Win32
		{F799CEEE-301F-4F8A-9131-1BA98C532893}.Debug|x86.Build.0 = Debug|Win32
		{F799CEEE-301F-4F8A-9131-1BA98C532893}.Release|x64.ActiveCfg = Release|x64
		{F799CEEE-301F-4F8A-9131-1BA98C532893}.Release|x64.Build.0 = Release|x64
		{F799CEEE-301F-4F8A-9131-1BA98C532893}.Release|x86.ActiveCfg = Release|Win32
		{F799CEEE-301F-4F8A-9131-1BA98C532893}.Release|x86.Build.0 = Release|Win32
		{4B6FF4CB-7074-49F6-964B-4AA3BF249222}.Debug|x64.ActiveCfg = Debug|x64
		{4B6FF4CB-7074-49F6-964B-4AA3BF249222}.Debug|x64.Build.0 = Debug|x64
		{4B6FF4CB-7074-49F6-964B-4AA3BF249222}.Debug|x86.ActiveCfg = Debug|Win32
		{4B6FF4CB-7074-49F6-964B-4AA3BF249222}.Debug|x86.Build.0 = Debug|Win32
		{4B6FF4CB-7074-49F6-964B-4AA3BF249222}.Release|x64.ActiveCfg = Release|x64
		{4B6FF4CB-7074-49F6-964B-4AA3BF249222}.Release|x64.Build.0 = Release|x64
		{4B6FF4CB-7074-49F6-964B-4AA3BF249222}.Release|x86.ActiveCfg = Release|Win32
		{4B6FF4CB-7074-49F6-964B-4AA3BF249222}.Release|x86.Build.0 = Release|Win32
		{6E0375AB-DE6D-4D1B-AE43-DC36464BFE0B}.Debug|x64.ActiveCfg = Debug|x64
		{6E0375AB-DE6D-4D1B-AE43-DC36464BFE0B}.Debug|x64.Build.0 = Debug|x64
		{6E0375AB-DE6D-4D1B-AE43-DC36464BFE0B}.Debug|x86.ActiveCfg = Debug|Win32
		{6E0375AB-DE6D-4D1B-AE43-DC36464BFE0B}.Debug|x86.Build.0 = Debug|Win32
		{6E0375AB-DE6D-4D1B-AE43-DC36464BFE0B}.Release|x64.ActiveCfg = Release|x64
		{6E0375AB-DE6D-4D1B-AE43-DC36464BFE0B}.Release|x64.Build.0 = Release|x64
		{6E0375AB-DE6D-4D1B-AE43-DC36464BFE0B}.Release|x86.ActiveCfg = Release|Win32
		{6E0375AB-DE6D-4D1B-AE43-DC36464BFE0B}.Release|x86.Build.0 = Release|Win32
		{D5A6C200-A08F-42B7-8191-4FEE71451606}.Debug|x64.ActiveCfg = Debug|x64
		{D5A6C200-A08F-42B7-8191-4FEE71451606}.Debug|x64.Build.0 = Debug|x64
		{D5A6C200-A08F-42B7-8191-4FEE71451606}.Debug|x86.ActiveCfg = Debug|Win32
		{D5A6C200-A08F-42B7-8191-4FEE71451606}.Debug|x86.Build.0 = Debug|Win32
		{D5A6C200-A08F-42B7-8191-4FEE71451606}.Release|x64.ActiveCfg = Release|x64
		{D5A6C200-A08F-42B7-8191-4FEE71451606}.Release|x64.Build.0 = Release|x64
		{D5A6C200-A08F-42B7-8191-4FEE71451606}.Release|x86.ActiveCfg = Release|Win32
		{D5A6C200-A08F-42B7-8191-4FEE71451606}.Release|x86.Build.0 = Release|Win32
		{F2C2A87D-4C3D-422B-BC3D-9DCBF275919F}.Debug|x64.ActiveCfg = Debug|x64
		{F2C2A87D-4C3D-422B-BC3D-9DCBF275919F}.Debug|x64.Build.0 = Debug|x64
		{F2C2A87D-4C3D-422B-BC3D-9DCBF275919F}.Debug|x86.ActiveCfg = Debug|Win32
		{F2C2A87D-4C3D-422B-BC3D-9DCBF275919F}.Debug|x86.Build.0 = Debug|Win32
		{F2C2A87D-4C3D-422B-BC3D-9DCBF275919F}.Release|x64.ActiveCfg = Release|x64
		{F2C2A87D-4C3D-422B-BC3D-9DCBF275919F}.Release|x64.Build.0 = Release|x64
		{F2C2A87D-4C3D-422B-BC3D-9DCBF275919F}.Release|x86.ActiveCfg = Release|Win32
		{F2C2A87D-4C3D-422B-BC3D-9DCBF275919F}.Release|x86.Build.0 = Release|Win32
		{C06D0235-5678-4C16-B42C-0F11F71F82EA}.Debug|x64.ActiveCfg = Debug|x64
		{C06D0235-5678-4C16-B42C-0F11F71F82EA}.Debug|x64.Build.0 = Debug|x64
		{C06D0235-5678-4C16-B42C-0F11F71F82EA}.Debug|x86.ActiveCfg = Debug|Win32
		{C06D0235-5678-4C16-B42C-0F11F71F82EA}.Debug|x86.Build.0 = Debug|Win32
		{C06D0235-5678-4C16-B42C-0F11F71F82EA}.Release|x64.ActiveCfg = Release|x64
		{C06D0235-5678-4C16-B42C-0F11F71F82EA}.Release|x64.Build.0 = Release|x64
		{C06D0235-5678-4C16-B42C-0F11F71F82EA}.Release|x86.ActiveCfg = Release|Win32
		{C06D0235-5678-4C16-B42C-0F11F71F82EA}.Release|x86.Build.0 = Release|Win32
		{8056BDB1-425A-4EEA-86FD-BBF42AD2E84F}.Debug|x64.ActiveCfg = Debug|x64
		{8056BDB1-425A-4EEA-86FD-BBF42AD2E84F}.Debug|x64.Build.0 = Debug|x64
		{8056BDB1-425A-4EEA-86FD-BBF42AD2E84F}.Debug|x86.ActiveCfg = Debug|Win32
		{8056BDB1-425A-4EEA-86FD-BBF42AD2E84F}.Debug|x86.Build.0 = Debug|Win32
		{8056BDB1-425A-4EEA-86FD-BBF42AD2E84F}.Release|x64.ActiveCfg = Release|x64
		{8056BDB1-425A-4EEA-86FD-BBF42AD2E84F}.Release|x64.Build.0 = Release|x64
		{8056BDB1-425A-4EEA-86FD-BBF42AD2E84F}.Release|x86.ActiveCfg = Release|Win32
		{8056BDB1-425A-4EEA-86FD-BBF42AD2E84F}.Release|x86.Build.0 = Release|Win32
		{E62FF4CE-D3CA-4AA9-A47E-D21B475853C5}.Debug|x64.ActiveCfg = Debug|x64
		{E62FF4CE-D3CA-4AA9-A47E-D21B475853C5}.Debug|x64.Build.0 = Debug|x64
		{E62FF4CE-D3CA-4AA9-A47E-D21B475853C5}.Debug|x86.ActiveCfg = Debug|Win32
		{E62FF4CE-D3CA-4AA9-A47E-D21B475853C5}.Debug|x86.Build.0 = Debug|Win32
		{E62FF4CE-D3CA-4AA9-A47E-D21B475853C5}.Release|x64.ActiveCfg = Release|x64
		{E62FF4CE-D3CA-4AA9-A47E-D21B475853C5}.Release|x64.Build.0 = Release|x64
		{E62FF4CE-D3CA-4AA9-A47E-D21B475853C5}.Release|x86.ActiveCfg = Release|Win32
		{E62FF4CE-D3CA-4AA9-A47E-D21B475853C5}.Release|x86.Build.0 = Release|Win32
		{B914F02D-A0BA-4592-88B5-F1B26ECC27C0}.Debug|x64.ActiveCfg = Debug|x64
		{B914F02D-A0BA-4592-88B5-F1B26ECC27C0}.Debug|x64.Build.0 = Debug|x64
		{B914F02D-A0BA-4592-88B5-F1B26ECC27C0}.Debug|x86.ActiveCfg = Debug|Win32
		{B914F02D-A0BA-4592-88B5-F1B26ECC27C0}.Debug|x86.Build.0 = Debug|Win32
		{B914F02D-A0BA-4592-88B5-F1B26ECC27C0}.Release|x64.ActiveCfg = Release|x64
		{B914F02D-A0BA-4592-88B5-F1B26ECC27C0}.Release|x64.Build.0 = Release|x64
		{B914F02D-A0BA-4592-88B5-F1B26ECC27C0}.Release|x86.ActiveCfg = Release|Win32
		{B914F02D-A0BA-4592-88B5-F1B26ECC27C0}.Release|x86.Build.0 = Release|Win32
		{84F15ED6-44EA-4733-974E-28F49A5A2AD1}.Debug|x64.ActiveCfg = Debug|x64
		{84F15ED6-44EA-4733-974E-28F49A5A2AD1}.Debug|x64.Build.0 = Debug|x64
		{84F15ED6-44EA-4733-974E-28F49A5A2AD1}.Debug|x86.ActiveCfg = Debug|Win32
		{84F15ED6-44EA-4733-974E-28F49A5A2AD1}.Debug|x86.Build.0 = Debug|Win32
		{84F15ED6-44EA-4733-974E-28F49A5A2AD1}.Release|x64.ActiveCfg = Release|x64
		{84F15ED6-44EA-4733-974E-28F49A5A2AD1}.Release|x64.Build.0 = Release|x64
		{84F15ED6-44EA-4733-974E-28F49A5A2AD1}.Release|x86.ActiveCfg = Release|Win32
		{84F15ED6-44EA-4733-974E-28F49A5A2AD1}.Release|x86.Build.0 = Release|Win32
		{5F026EF0-95DA-4F96-A901-72D7E3E92BC3}.Debug|x64.ActiveCfg = Debug|x64
		{5F026EF0-95DA-4F96-A901-72D7E3E92BC3}.Debug|x64.Build.0 = Debug|x64
		{5F026EF0-95DA-4F96-A901-72D7E3E92BC3}.Debug|x86.ActiveCfg = Debug|Win32
		{5F026EF0-95DA-4F96-A901-72D7E3E92BC3}.Debug|x86.Build.0 = Debug|Win32
		{5F026EF0-95DA-4F96-A901-72D7E3E92BC3}.Release|x64.ActiveCfg = Release|x64
		{5F026EF0-95DA-4F96-A901-72D7E3E92BC3}.Release|x64.Build.0 = Release|x64
		{5F026EF0-95DA-4F96-A901-72D7E3E92BC3}.Release|x86.ActiveCfg = Release|Win32
		{5F026EF0-95DA-4F96-A901-72D7E3E92BC3}.Release|x86.Build.0 = Release|Win32
		{D756A698-5504-4748-8849-933555AF332E}.Debug|x64.ActiveCfg = Debug|x64
		{D756A698-5504-4748-8849-933555AF332E}.Debug|x64.Build.0 = Debug|x64
		{D756A698-5504-4748-8849-933555AF332E}.Debug|x86.ActiveCfg = Debug|Win32
		{D756A698-5504-4748-8849-933555AF332E}.Debug|x86.Build.0 = Debug|Win32
		{D756A698-5504-4748-8849-933555AF332E}.Release|x64.ActiveCfg = Release|x64
		{D756A698-5504-4748-8849-933555AF332E}.Release|x64.Build.0 = Release|x64
		{D756A698-5504-4748-8849-933555AF332E}.Release|x86.ActiveCfg = Release|Win32
		{D756A698-5504-4748-8849-933555AF332E}.Release|x86.Build.0 = Release|Win32
	EndGlobalSection
	GlobalSection(SolutionProperties) = preSolution
		HideSolutionNode = FALSE
	EndGlobalSection
	GlobalSection(ExtensibilityGlobals) = postSolution
		SolutionGuid = {803C3EF8-EDBD-4ADE-9454-28E260EAC227}
	EndGlobalSection
EndGlobal
